
Microsoft Visual Studio Solution File, Format Version 12.00
# Visual Studio Version 17
VisualStudioVersion = 17.11.35327.3
MinimumVisualStudioVersion = 10.0.40219.1
Project("{FAE04EC0-301F-11D3-BF4B-00C04F79EFBC}") = "SynthTest", "SynthTest\SynthTest.csproj", "{C3C9F770-5469-439C-8FF1-BA411E8F9480}"
EndProject
Global
	GlobalSection(SolutionConfigurationPlatforms) = preSolution
		Debug|Any CPU = Debug|Any CPU
		Release|Any CPU = Release|Any CPU
	EndGlobalSection
	GlobalSection(ProjectConfigurationPlatforms) = postSolution
		{C3C9F770-5469-439C-8FF1-BA411E8F9480}.Debug|Any CPU.ActiveCfg = Debug|Any CPU
		{C3C9F770-5469-439C-8FF1-BA411E8F9480}.Debug|Any CPU.Build.0 = Debug|Any CPU
		{C3C9F770-5469-439C-8FF1-BA411E8F9480}.Release|Any CPU.ActiveCfg = Release|Any CPU
		{C3C9F770-5469-439C-8FF1-BA411E8F9480}.Release|Any CPU.Build.0 = Release|Any CPU
	EndGlobalSection
	GlobalSection(SolutionProperties) = preSolution
		HideSolutionNode = FALSE
	EndGlobalSection
	GlobalSection(ExtensibilityGlobals) = postSolution
		SolutionGuid = {B5ACE1E1-1E6A-4DE4-8851-27B9955CBB71}
	EndGlobalSection
EndGlobal
